
Microsoft Visual Studio Solution File, Format Version 12.00
# Visual Studio Version 17
VisualStudioVersion = 17.3.32811.315
MinimumVisualStudioVersion = 10.0.40219.1
Project("{8BC9CEB8-8B4A-11D0-8D11-00A0C91BC942}") = "Test", "Test\Test.vcxproj", "{C2BCEE07-0A37-4999-ADE4-FAC6335D75AE}"
EndProject
Project("{2150E333-8FDC-42A3-9474-1A3956D46DE8}") = "Props", "Props", "{5E95DB3A-393F-42B0-B07B-EDC5BBA867D4}"
	ProjectSection(SolutionItems) = preProject
		Props\Bin.props = Props\Bin.props
		Props\Common.props = Props\Common.props
		Props\Dll.props = Props\Dll.props
		Props\ExternalDependencies.props = Props\ExternalDependencies.props
		Props\Lib.props = Props\Lib.props
		Props\Test.props = Props\Test.props
	EndProjectSection
EndProject
Project("{2150E333-8FDC-42A3-9474-1A3956D46DE8}") = "Bin", "Bin", "{5D516779-B410-4E75-96B7-34A02AA0F9E6}"
EndProject
Project("{2150E333-8FDC-42A3-9474-1A3956D46DE8}") = "Lib", "Lib", "{97097D2E-449F-4EE7-BD88-D38D0885E0DC}"
EndProject
Project("{2150E333-8FDC-42A3-9474-1A3956D46DE8}") = "ExternalDependencies", "ExternalDependencies", "{CCCE371E-02E8-40C7-8FCB-3C286F458754}"
	ProjectSection(SolutionItems) = preProject
		Props\ExternalDependencies\Fmt.props = Props\ExternalDependencies\Fmt.props
		Props\ExternalDependencies\Gsl.props = Props\ExternalDependencies\Gsl.props
		Props\ExternalDependencies\Json.props = Props\ExternalDependencies\Json.props
		Props\ExternalDependencies\MagicEnum.props = Props\ExternalDependencies\MagicEnum.props
		Props\ExternalDependencies\RangeV3.props = Props\ExternalDependencies\RangeV3.props
		Props\ExternalDependencies\Ut.props = Props\ExternalDependencies\Ut.props
	EndProjectSection
EndProject
Global
	GlobalSection(SolutionConfigurationPlatforms) = preSolution
		Debug|x64 = Debug|x64
		Release|x64 = Release|x64
	EndGlobalSection
	GlobalSection(ProjectConfigurationPlatforms) = postSolution
		{C2BCEE07-0A37-4999-ADE4-FAC6335D75AE}.Debug|x64.ActiveCfg = Debug|x64
		{C2BCEE07-0A37-4999-ADE4-FAC6335D75AE}.Debug|x64.Build.0 = Debug|x64
		{C2BCEE07-0A37-4999-ADE4-FAC6335D75AE}.Release|x64.ActiveCfg = Release|x64
		{C2BCEE07-0A37-4999-ADE4-FAC6335D75AE}.Release|x64.Build.0 = Release|x64
	EndGlobalSection
	GlobalSection(SolutionProperties) = preSolution
		HideSolutionNode = FALSE
	EndGlobalSection
	GlobalSection(NestedProjects) = preSolution
		{C2BCEE07-0A37-4999-ADE4-FAC6335D75AE} = {97097D2E-449F-4EE7-BD88-D38D0885E0DC}
		{CCCE371E-02E8-40C7-8FCB-3C286F458754} = {5E95DB3A-393F-42B0-B07B-EDC5BBA867D4}
	EndGlobalSection
	GlobalSection(ExtensibilityGlobals) = postSolution
		SolutionGuid = {D6329BA8-32E2-4A7F-A4A1-FE9F77BCE5F2}
	EndGlobalSection
EndGlobal
